{
  "version": "5",
  "redirects": {
    "https://esm.sh/@supabase/phoenix@^0.4.0?target=denonext": "https://esm.sh/@supabase/phoenix@0.4.0?target=denonext",
    "https://esm.sh/@supabase/supabase-js@2": "https://esm.sh/@supabase/supabase-js@2.100.0",
    "https://esm.sh/@types/crypto-js@~4.2.2/enc-hex.d.ts": "https://esm.sh/@types/crypto-js@4.2.2/enc-hex.d.ts",
    "https://esm.sh/@types/crypto-js@~4.2.2/sha1.d.ts": "https://esm.sh/@types/crypto-js@4.2.2/sha1.d.ts",
    "https://esm.sh/crypto-js@^4.2.0/enc-hex?target=denonext": "https://esm.sh/crypto-js@4.2.0/enc-hex?target=denonext",
    "https://esm.sh/crypto-js@^4.2.0/sha1?target=denonext": "https://esm.sh/crypto-js@4.2.0/sha1?target=denonext",
    "https://esm.sh/iceberg-js@^0.8.1?target=denonext": "https://esm.sh/iceberg-js@0.8.1?target=denonext"
  },
  "remote": {
    "https://esm.sh/@supabase/auth-js@2.100.0/denonext/auth-js.mjs": "079e9054663a1cff760451b18bb363a0f12dda9da361d4541db9b28d30b3fbc2",
    "https://esm.sh/@supabase/functions-js@2.100.0/denonext/functions-js.mjs": "60daabe2eabdae4eb57cc4d0a463b3c556f6b0865974b32be874beb987387fdb",
    "https://esm.sh/@supabase/phoenix@0.4.0/denonext/phoenix.mjs": "d9187057b2e3276d1110b9d814f737d4f8eff7f8b2765c4aa6bf7c7c30d070c9",
    "https://esm.sh/@supabase/phoenix@0.4.0?target=denonext": "c1df3cfcdcf13e9cfddf86181efbdd8d4099b9a2682188b74106596277a69d16",
    "https://esm.sh/@supabase/postgrest-js@2.100.0/denonext/postgrest-js.mjs": "4c06b5d088759e05a42914749b23166de5ac48c80f4960772f0a013a0508b10f",
    "https://esm.sh/@supabase/realtime-js@2.100.0/denonext/realtime-js.mjs": "9cfee2b8d33a1c8470e58c5a5024d7cf4850fdf96b44ba61842a91b361bab923",
    "https://esm.sh/@supabase/storage-js@2.100.0/denonext/storage-js.mjs": "becf5a4572a5c8153e44a47e3ebf498b93237956e2fe1bda9564f567517867d5",
    "https://esm.sh/@supabase/supabase-js@2.100.0": "e3f8cd4f9df4df6e8dbf724810f5146414a7f4b4351d2403fa44a82d84dc8336",
    "https://esm.sh/@supabase/supabase-js@2.100.0/denonext/supabase-js.mjs": "c983ed2deea1adf4d6723a2b5630b28dc236929abd97fff6dc5a07d895308044",
    "https://esm.sh/@upstash/redis@1.34.3": "571b7edba95aaa4cb62dc680c3de5424cf89759a91c865354ac02b1547033ae8",
    "https://esm.sh/@upstash/redis@1.34.3/denonext/chunk-FV6JMGNF.mjs": "562dbb3caf1327762d401d846dd54ec2aad0ede5c4e5d733e296ea71216ec1d2",
    "https://esm.sh/@upstash/redis@1.34.3/denonext/redis.mjs": "6e7c89d5016614b59bece8a6721c71b266e2064178434935ae393b73d3277b5a",
    "https://esm.sh/crypto-js@4.2.0/denonext/enc-hex.mjs": "4e4ed12a6b7d6f18f838bba4532e1c568d9ed0a4799322c6c1acc742046e9e7b",
    "https://esm.sh/crypto-js@4.2.0/denonext/sha1.mjs": "25a451f509f519643767fb1653d75825c35b72c057bc207e8d388ceceb3a62aa",
    "https://esm.sh/crypto-js@4.2.0/enc-hex?target=denonext": "e7bbfb366ad3cbea21a865f646e2dd1109398362c4779291bffb03bb6332310f",
    "https://esm.sh/crypto-js@4.2.0/sha1?target=denonext": "60b6e4ce5897826e9f61dcc2a0cbf11a9431ef81cad376f7f1f2810c615e4e68",
    "https://esm.sh/iceberg-js@0.8.1/denonext/iceberg-js.mjs": "d839d81a2e3966500ca2cdd0c1cb458e9608bacfc91f7bb67a69b2e878dcdb4f",
    "https://esm.sh/iceberg-js@0.8.1?target=denonext": "58c849d7fe2bf4eca4a84eb501e83c161a7d8c34ca1bec15a962b3bec3062633",
    "https://esm.sh/tslib@2.8.1/denonext/tslib.mjs": "c38da5dd6da6281964435002ce204cd586634fe3bdfb24a0ee116f48cf3292e9"
  },
  "workspace": {
    "packageJson": {
      "dependencies": [
        "npm:@angular-devkit/build-angular@^21.2.2",
        "npm:@angular-eslint/eslint-plugin-template@^17.4.0",
        "npm:@angular-eslint/eslint-plugin@^17.4.0",
        "npm:@angular-eslint/template-parser@^17.4.0",
        "npm:@angular/animations@^21.2.4",
        "npm:@angular/cdk@^21.2.2",
        "npm:@angular/cli@^21.2.2",
        "npm:@angular/common@^21.2.4",
        "npm:@angular/compiler-cli@^21.2.4",
        "npm:@angular/compiler@^21.2.4",
        "npm:@angular/core@^21.2.4",
        "npm:@angular/forms@^21.2.4",
        "npm:@angular/platform-browser-dynamic@^21.2.4",
        "npm:@angular/platform-browser@^21.2.4",
        "npm:@angular/platform-server@^21.2.4",
        "npm:@angular/router@^21.2.4",
        "npm:@angular/ssr@^21.2.2",
        "npm:@fontsource-variable/inter@^5.2.8",
        "npm:@popperjs/core@^2.11.8",
        "npm:@supabase/supabase-js@^2.99.1",
        "npm:@tiptap/core@^3.4.4",
        "npm:@tiptap/extension-image@^3.4.4",
        "npm:@tiptap/extension-link@^3.4.4",
        "npm:@tiptap/extension-placeholder@^3.4.4",
        "npm:@tiptap/pm@^3.4.4",
        "npm:@tiptap/starter-kit@^3.4.4",
        "npm:@types/express@^4.17.17",
        "npm:@types/jasmine@5.1",
        "npm:@types/jest@^29.5.12",
        "npm:@types/node-forge@^1.3.14",
        "npm:@types/node@^18.18.0",
        "npm:@types/qrcode@^1.5.5",
        "npm:@typescript-eslint/eslint-plugin@^6.21.0",
        "npm:@typescript-eslint/parser@^6.21.0",
        "npm:apexcharts@^5.3.6",
        "npm:autoprefixer@^10.4.21",
        "npm:bootstrap-icons@^1.11.3",
        "npm:cross-env@^7.0.3",
        "npm:dompurify@^3.3.3",
        "npm:eslint-config-prettier@^9.1.0",
        "npm:eslint-plugin-import@^2.29.1",
        "npm:eslint-plugin-jsdoc@^48.2.3",
        "npm:eslint-plugin-prefer-arrow@^1.2.3",
        "npm:eslint-plugin-prettier@^5.1.3",
        "npm:eslint@^8.56.0",
        "npm:express@^4.21.2",
        "npm:fuse.js@^7.1.0",
        "npm:html2canvas@^1.4.1",
        "npm:husky@^9.0.11",
        "npm:jasmine-core@5.5",
        "npm:jest@^29.7.0",
        "npm:jspdf@^4.2.1",
        "npm:karma-chrome-launcher@3.2",
        "npm:karma-coverage@2.2",
        "npm:karma-jasmine-html-reporter@2.1",
        "npm:karma-jasmine@5.1",
        "npm:karma@6.4",
        "npm:lint-staged@^15.2.2",
        "npm:lucide-angular@0.560",
        "npm:material-icons@^1.13.14",
        "npm:ng-apexcharts@1.15.0",
        "npm:ngx-tiptap@14.0.1",
        "npm:node-forge@^1.3.1",
        "npm:postcss@^8.5.6",
        "npm:prettier@^3.2.5",
        "npm:qrcode@^1.5.4",
        "npm:rxjs@7.8",
        "npm:signature_pad@^5.0.4",
        "npm:source-map-explorer@^2.5.3",
        "npm:supabase@^2.72.8",
        "npm:tailwind-scrollbar@^3.1.0",
        "npm:tailwindcss@^3.4.17",
        "npm:ts-jest@^29.1.2",
        "npm:tslib@^2.3.0",
        "npm:typescript@~5.9.3",
        "npm:zone.js@0.15"
      ]
    }
  }
}
